{
  "_fixture_warning": "TEST FIXTURE. This file describes a HYPOTHETICAL deployed stack at reserved_concurrent_executions = 10. It was hand-authored, it has never corresponded to a real AWS account, and no resource listed here exists. Its only purpose is to give `terraform plan -refresh=false` a prior state so the demo change appears as a genuine update diff rather than a create. See terraform/fixtures/README.md.",
  "version": 4,
  "terraform_version": "1.9.8",
  "serial": 1,
  "lineage": "00000000-0000-0000-0000-000000000000",
  "outputs": {},
  "resources": [
    {
      "mode": "managed",
      "type": "aws_lambda_function",
      "name": "api",
      "provider": "provider[\"registry.terraform.io/hashicorp/aws\"]",
      "instances": [
        {
          "schema_version": 0,
          "attributes": {
            "architectures": ["x86_64"],
            "arn": "arn:aws:lambda:us-east-1:000000000000:function:changeproof-demo-api",
            "description": "",
            "environment": [
              {
                "variables": {
                  "QUEUE_URL": "https://sqs.us-east-1.amazonaws.com/000000000000/changeproof-demo-work"
                }
              }
            ],
            "filename": "./build/function.zip",
            "function_name": "changeproof-demo-api",
            "handler": "index.handler",
            "id": "changeproof-demo-api",
            "memory_size": 512,
            "package_type": "Zip",
            "publish": false,
            "reserved_concurrent_executions": 10,
            "role": "arn:aws:iam::000000000000:role/changeproof-demo-api",
            "runtime": "python3.12",
            "tags": {},
            "tags_all": {
              "Environment": "demo",
              "Ephemeral": "true",
              "ManagedBy": "terraform",
              "Project": "changeproof"
            },
            "timeout": 15
          },
          "sensitive_attributes": []
        }
      ]
    }
  ],
  "check_results": null
}
